
Microsoft Visual Studio Solution File, Format Version 12.00
# Visual Studio Version 16
VisualStudioVersion = 16.0.31702.278
MinimumVisualStudioVersion = 10.0.40219.1
Project("{FAE04EC0-301F-11D3-BF4B-00C04F79EFBC}") = "DataBinding_ViewModel", "DataBinding_ViewModel\DataBinding_ViewModel.csproj", "{257188CD-6700-4777-B005-073E637DD81F}"
EndProject
Project("{FAE04EC0-301F-11D3-BF4B-00C04F79EFBC}") = "Multifenetrage", "Multifenetrage\Multifenetrage.csproj", "{7196BFD9-E9BC-49D7-8FD1-03EAB8354E73}"
EndProject
Global
	GlobalSection(SolutionConfigurationPlatforms) = preSolution
		Debug|Any CPU = Debug|Any CPU
		Release|Any CPU = Release|Any CPU
	EndGlobalSection
	GlobalSection(ProjectConfigurationPlatforms) = postSolution
		{257188CD-6700-4777-B005-073E637DD81F}.Debug|Any CPU.ActiveCfg = Debug|Any CPU
		{257188CD-6700-4777-B005-073E637DD81F}.Debug|Any CPU.Build.0 = Debug|Any CPU
		{257188CD-6700-4777-B005-073E637DD81F}.Release|Any CPU.ActiveCfg = Release|Any CPU
		{257188CD-6700-4777-B005-073E637DD81F}.Release|Any CPU.Build.0 = Release|Any CPU
		{7196BFD9-E9BC-49D7-8FD1-03EAB8354E73}.Debug|Any CPU.ActiveCfg = Debug|Any CPU
		{7196BFD9-E9BC-49D7-8FD1-03EAB8354E73}.Debug|Any CPU.Build.0 = Debug|Any CPU
		{7196BFD9-E9BC-49D7-8FD1-03EAB8354E73}.Release|Any CPU.ActiveCfg = Release|Any CPU
		{7196BFD9-E9BC-49D7-8FD1-03EAB8354E73}.Release|Any CPU.Build.0 = Release|Any CPU
	EndGlobalSection
	GlobalSection(SolutionProperties) = preSolution
		HideSolutionNode = FALSE
	EndGlobalSection
	GlobalSection(ExtensibilityGlobals) = postSolution
		SolutionGuid = {070D5C8C-FC8B-4958-8C73-3AEC2661E253}
	EndGlobalSection
EndGlobal
